// !$*UTF8*$!
{
	archiveVersion = 1;
	classes = {
	};
	objectVersion = 46;
	objects = {

/* Begin PBXBuildFile section */
		EAEC77451C879FC2001DD1FC /* main.cpp in Sources */ = {isa = PBXBuildFile; fileRef = EAEC77441C879FC2001DD1FC /* main.cpp */; };
		EAEC774D1C87A074001DD1FC /* rbuf.cpp in Sources */ = {isa = PBXBuildFile; fileRef = EAEC774B1C87A074001DD1FC /* rbuf.cpp */; };
/* End PBXBuildFile section */

/* Begin PBXCopyFilesBuildPhase section */
		EAEC773F1C879FC2001DD1FC /* CopyFiles */ = {
			isa = PBXCopyFilesBuildPhase;
			buildActionMask = 2147483647;
			dstPath = /usr/share/man/man1/;
			dstSubfolderSpec = 0;
			files = (
			);
			runOnlyForDeploymentPostprocessing = 1;
		};
/* End PBXCopyFilesBuildPhase section */

/* Begin PBXFileReference section */
		EAEC77411C879FC2001DD1FC /* RingBuffer */ = {isa = PBXFileReference; explicitFileType = "compiled.mach-o.executable"; includeInIndex = 0; path = RingBuffer; sourceTree = BUILT_PRODUCTS_DIR; };
		EAEC77441C879FC2001DD1FC /* main.cpp */ = {isa = PBXFileReference; lastKnownFileType = sourcecode.cpp.cpp; path = main.cpp; sourceTree = "<group>"; };
		EAEC774B1C87A074001DD1FC /* rbuf.cpp */ = {isa = PBXFileReference; fileEncoding = 4; lastKnownFileType = sourcecode.cpp.cpp; path = rbuf.cpp; sourceTree = "<group>"; };
		EAEC774C1C87A074001DD1FC /* rbuf.h */ = {isa = PBXFileReference; fileEncoding = 4; lastKnownFileType = sourcecode.c.h; path = rbuf.h; sourceTree = "<group>"; };
/* End PBXFileReference section */

/* Begin PBXFrameworksBuildPhase section */
		EAEC773E1C879FC2001DD1FC /* Frameworks */ = {
			isa = PBXFrameworksBuildPhase;
			buildActionMask = 2147483647;
			files = (
			);
			runOnlyForDeploymentPostprocessing = 0;
		};
/* End PBXFrameworksBuildPhase section */

/* Begin PBXGroup section */
		EAEC77381C879FC2001DD1FC = {
			isa = PBXGroup;
			children = (
				EAEC77431C879FC2001DD1FC /* RingBuffer */,
				EAEC77421C879FC2001DD1FC /* Products */,
			);
			sourceTree = "<group>";
		};
		EAEC77421C879FC2001DD1FC /* Products */ = {
			isa = PBXGroup;
			children = (
				EAEC77411C879FC2001DD1FC /* RingBuffer */,
			);
			name = Products;
			sourceTree = "<group>";
		};
		EAEC77431C879FC2001DD1FC /* RingBuffer */ = {
			isa = PBXGroup;
			children = (
				EAEC77441C879FC2001DD1FC /* main.cpp */,
				EAEC774C1C87A074001DD1FC /* rbuf.h */,
				EAEC774B1C87A074001DD1FC /* rbuf.cpp */,
			);
			path = RingBuffer;
			sourceTree = "<group>";
		};
/* End PBXGroup section */

/* Begin PBXNativeTarget section */
		EAEC77401C879FC2001DD1FC /* RingBuffer */ = {
			isa = PBXNativeTarget;
			buildConfigurationList = EAEC77481C879FC2001DD1FC /* Build configuration list for PBXNativeTarget "RingBuffer" */;
			buildPhases = (
				EAEC773D1C879FC2001DD1FC /* Sources */,
				EAEC773E1C879FC2001DD1FC /* Frameworks */,
				EAEC773F1C879FC2001DD1FC /* CopyFiles */,
			);
			buildRules = (
			);
			dependencies = (
			);
			name = RingBuffer;
			productName = RingBuffer;
			productReference = EAEC77411C879FC2001DD1FC /* RingBuffer */;
			productType = "com.apple.product-type.tool";
		};
/* End PBXNativeTarget section */

/* Begin PBXProject section */
		EAEC77391C879FC2001DD1FC /* Project object */ = {
			isa = PBXProject;
			attributes = {
				LastUpgradeCheck = 0710;
				ORGANIZATIONNAME = "Graham Barab";
				TargetAttributes = {
					EAEC77401C879FC2001DD1FC = {
						CreatedOnToolsVersion = 7.1.1;
					};
				};
			};
			buildConfigurationList = EAEC773C1C879FC2001DD1FC /* Build configuration list for PBXProject "RingBuffer" */;
			compatibilityVersion = "Xcode 3.2";
			developmentRegion = English;
			hasScannedForEncodings = 0;
			knownRegions = (
				en,
			);
			mainGroup = EAEC77381C879FC2001DD1FC;
			productRefGroup = EAEC77421C879FC2001DD1FC /* Products */;
			projectDirPath = "";
			projectRoot = "";
			targets = (
				EAEC77401C879FC2001DD1FC /* RingBuffer */,
			);
		};
/* End PBXProject section */

/* Begin PBXSourcesBuildPhase section */
		EAEC773D1C879FC2001DD1FC /* Sources */ = {
			isa = PBXSourcesBuildPhase;
			buildActionMask = 2147483647;
			files = (
				EAEC774D1C87A074001DD1FC /* rbuf.cpp in Sources */,
				EAEC77451C879FC2001DD1FC /* main.cpp in Sources */,
			);
			runOnlyForDeploymentPostprocessing = 0;
		};
/* End PBXSourcesBuildPhase section */

/* Begin XCBuildConfiguration section */
		EAEC77461C879FC2001DD1FC /* Debug */ = {
			isa = XCBuildConfiguration;
			buildSettings = {
				ALWAYS_SEARCH_USER_PATHS = NO;
				CLANG_CXX_LANGUAGE_STANDARD = "gnu++0x";
				CLANG_CXX_LIBRARY = "libc++";
				CLANG_ENABLE_MODULES = YES;
				CLANG_ENABLE_OBJC_ARC = YES;
				CLANG_WARN_BOOL_CONVERSION = YES;
				CLANG_WARN_CONSTANT_CONVERSION = YES;
				CLANG_WARN_DIRECT_OBJC_ISA_USAGE = YES_ERROR;
				CLANG_WARN_EMPTY_BODY = YES;
				CLANG_WARN_ENUM_CONVERSION = YES;
				CLANG_WARN_INT_CONVERSION = YES;
				CLANG_WARN_OBJC_ROOT_CLASS = YES_ERROR;
				CLANG_WARN_UNREACHABLE_CODE = YES;
				CLANG_WARN__DUPLICATE_METHOD_MATCH = YES;
				CODE_SIGN_IDENTITY = "-";
				COPY_PHASE_STRIP = NO;
				DEBUG_INFORMATION_FORMAT = dwarf;
				ENABLE_STRICT_OBJC_MSGSEND = YES;
				ENABLE_TESTABILITY = YES;
				GCC_C_LANGUAGE_STANDARD = gnu99;
				GCC_DYNAMIC_NO_PIC = NO;
				GCC_NO_COMMON_BLOCKS = YES;
				GCC_OPTIMIZATION_LEVEL = 0;
				GCC_PREPROCESSOR_DEFINITIONS = (
					"DEBUG=1",
					"$(inherited)",
				);
				GCC_WARN_64_TO_32_BIT_CONVERSION = YES;
				GCC_WARN_ABOUT_RETURN_TYPE = YES_ERROR;
				GCC_WARN_UNDECLARED_SELECTOR = YES;
				GCC_WARN_UNINITIALIZED_AUTOS = YES_AGGRESSIVE;
				GCC_WARN_UNUSED_FUNCTION = YES;
				GCC_WARN_UNUSED_VARIABLE = YES;
				MACOSX_DEPLOYMENT_TARGET = 10.10;
				MTL_ENABLE_DEBUG_INFO = YES;
				ONLY_ACTIVE_ARCH = YES;
				SDKROOT = macosx;
			};
			name = Debug;
		};
		EAEC77471C879FC2001DD1FC /* Release */ = {
			isa = XCBuildConfiguration;
			buildSettings = {
				ALWAYS_SEARCH_USER_PATHS = NO;
				CLANG_CXX_LANGUAGE_STANDARD = "gnu++0x";
				CLANG_CXX_LIBRARY = "libc++";
				CLANG_ENABLE_MODULES = YES;
				CLANG_ENABLE_OBJC_ARC = YES;
				CLANG_WARN_BOOL_CONVERSION = YES;
				CLANG_WARN_CONSTANT_CONVERSION = YES;
				CLANG_WARN_DIRECT_OBJC_ISA_USAGE = YES_ERROR;
				CLANG_WARN_EMPTY_BODY = YES;
				CLANG_WARN_ENUM_CONVERSION = YES;
				CLANG_WARN_INT_CONVERSION = YES;
				CLANG_WARN_OBJC_ROOT_CLASS = YES_ERROR;
				CLANG_WARN_UNREACHABLE_CODE = YES;
				CLANG_WARN__DUPLICATE_METHOD_MATCH = YES;
				CODE_SIGN_IDENTITY = "-";
				COPY_PHASE_STRIP = NO;
				DEBUG_INFORMATION_FORMAT = "dwarf-with-dsym";
				ENABLE_NS_ASSERTIONS = NO;
				ENABLE_STRICT_OBJC_MSGSEND = YES;
				GCC_C_LANGUAGE_STANDARD = gnu99;
				GCC_NO_COMMON_BLOCKS = YES;
				GCC_WARN_64_TO_32_BIT_CONVERSION = YES;
				GCC_WARN_ABOUT_RETURN_TYPE = YES_ERROR;
				GCC_WARN_UNDECLARED_SELECTOR = YES;
				GCC_WARN_UNINITIALIZED_AUTOS = YES_AGGRESSIVE;
				GCC_WARN_UNUSED_FUNCTION = YES;
				GCC_WARN_UNUSED_VARIABLE = YES;
				MACOSX_DEPLOYMENT_TARGET = 10.10;
				MTL_ENABLE_DEBUG_INFO = NO;
				SDKROOT = macosx;
			};
			name = Release;
		};
		EAEC77491C879FC2001DD1FC /* Debug */ = {
			isa = XCBuildConfiguration;
			buildSettings = {
				PRODUCT_NAME = "$(TARGET_NAME)";
			};
			name = Debug;
		};
		EAEC774A1C879FC2001DD1FC /* Release */ = {
			isa = XCBuildConfiguration;
			buildSettings = {
				PRODUCT_NAME = "$(TARGET_NAME)";
			};
			name = Release;
		};
/* End XCBuildConfiguration section */

/* Begin XCConfigurationList section */
		EAEC773C1C879FC2001DD1FC /* Build configuration list for PBXProject "RingBuffer" */ = {
			isa = XCConfigurationList;
			buildConfigurations = (
				EAEC77461C879FC2001DD1FC /* Debug */,
				EAEC77471C879FC2001DD1FC /* Release */,
			);
			defaultConfigurationIsVisible = 0;
			defaultConfigurationName = Release;
		};
		EAEC77481C879FC2001DD1FC /* Build configuration list for PBXNativeTarget "RingBuffer" */ = {
			isa = XCConfigurationList;
			buildConfigurations = (
				EAEC77491C879FC2001DD1FC /* Debug */,
				EAEC774A1C879FC2001DD1FC /* Release */,
			);
			defaultConfigurationIsVisible = 0;
		};
/* End XCConfigurationList section */
	};
	rootObject = EAEC77391C879FC2001DD1FC /* Project object */;
}
